// !$*UTF8*$!
{
	archiveVersion = 1;
	classes = {
	};
	objectVersion = 46;
	objects = {

/* Begin PBXBuildFile section */
		14CFEC281E3577BC00BD46CF /* AppDelegate.swift in Sources */ = {isa = PBXBuildFile; fileRef = 14CFEC271E3577BC00BD46CF /* AppDelegate.swift */; };
		14CFEC2A1E3577BC00BD46CF /* ViewController.swift in Sources */ = {isa = PBXBuildFile; fileRef = 14CFEC291E3577BC00BD46CF /* ViewController.swift */; };
		14CFEC2F1E3577BC00BD46CF /* Assets.xcassets in Resources */ = {isa = PBXBuildFile; fileRef = 14CFEC2E1E3577BC00BD46CF /* Assets.xcassets */; };
		14CFEC321E3577BC00BD46CF /* LaunchScreen.storyboard in Resources */ = {isa = PBXBuildFile; fileRef = 14CFEC301E3577BC00BD46CF /* LaunchScreen.storyboard */; };
		14CFEC3B1E367AFE00BD46CF /* Utility.swift in Sources */ = {isa = PBXBuildFile; fileRef = 14CFEC3A1E367AFE00BD46CF /* Utility.swift */; };
		2EF780C482C92007ED967AFB /* Pods_AC3_2_AnimationBasics.framework in Frameworks */ = {isa = PBXBuildFile; fileRef = AFBE7EBF1E6DAA546F8B671D /* Pods_AC3_2_AnimationBasics.framework */; };
/* End PBXBuildFile section */

/* Begin PBXFileReference section */
		14CFEC241E3577BC00BD46CF /* AC3.2-AnimationBasics.app */ = {isa = PBXFileReference; explicitFileType = wrapper.application; includeInIndex = 0; path = "AC3.2-AnimationBasics.app"; sourceTree = BUILT_PRODUCTS_DIR; };
		14CFEC271E3577BC00BD46CF /* AppDelegate.swift */ = {isa = PBXFileReference; lastKnownFileType = sourcecode.swift; path = AppDelegate.swift; sourceTree = "<group>"; };
		14CFEC291E3577BC00BD46CF /* ViewController.swift */ = {isa = PBXFileReference; lastKnownFileType = sourcecode.swift; path = ViewController.swift; sourceTree = "<group>"; };
		14CFEC2E1E3577BC00BD46CF /* Assets.xcassets */ = {isa = PBXFileReference; lastKnownFileType = folder.assetcatalog; path = Assets.xcassets; sourceTree = "<group>"; };
		14CFEC311E3577BC00BD46CF /* Base */ = {isa = PBXFileReference; lastKnownFileType = file.storyboard; name = Base; path = Base.lproj/LaunchScreen.storyboard; sourceTree = "<group>"; };
		14CFEC331E3577BC00BD46CF /* Info.plist */ = {isa = PBXFileReference; lastKnownFileType = text.plist.xml; path = Info.plist; sourceTree = "<group>"; };
		14CFEC3A1E367AFE00BD46CF /* Utility.swift */ = {isa = PBXFileReference; fileEncoding = 4; lastKnownFileType = sourcecode.swift; name = Utility.swift; path = Utility/Utility.swift; sourceTree = "<group>"; };
		6447900C60C0E843BE747686 /* Pods-AC3.2-AnimationBasics.release.xcconfig */ = {isa = PBXFileReference; includeInIndex = 1; lastKnownFileType = text.xcconfig; name = "Pods-AC3.2-AnimationBasics.release.xcconfig"; path = "Pods/Target Support Files/Pods-AC3.2-AnimationBasics/Pods-AC3.2-AnimationBasics.release.xcconfig"; sourceTree = "<group>"; };
		AFBE7EBF1E6DAA546F8B671D /* Pods_AC3_2_AnimationBasics.framework */ = {isa = PBXFileReference; explicitFileType = wrapper.framework; includeInIndex = 0; path = Pods_AC3_2_AnimationBasics.framework; sourceTree = BUILT_PRODUCTS_DIR; };
		B558B66F2EF9FE69DC48D946 /* Pods-AC3.2-AnimationBasics.debug.xcconfig */ = {isa = PBXFileReference; includeInIndex = 1; lastKnownFileType = text.xcconfig; name = "Pods-AC3.2-AnimationBasics.debug.xcconfig"; path = "Pods/Target Support Files/Pods-AC3.2-AnimationBasics/Pods-AC3.2-AnimationBasics.debug.xcconfig"; sourceTree = "<group>"; };
/* End PBXFileReference section */

/* Begin PBXFrameworksBuildPhase section */
		14CFEC211E3577BC00BD46CF /* Frameworks */ = {
			isa = PBXFrameworksBuildPhase;
			buildActionMask = 2147483647;
			files = (
				2EF780C482C92007ED967AFB /* Pods_AC3_2_AnimationBasics.framework in Frameworks */,
			);
			runOnlyForDeploymentPostprocessing = 0;
		};
/* End PBXFrameworksBuildPhase section */

/* Begin PBXGroup section */
		14CFEC1B1E3577BC00BD46CF = {
			isa = PBXGroup;
			children = (
				14CFEC261E3577BC00BD46CF /* AC3.2-AnimationBasics */,
				14CFEC251E3577BC00BD46CF /* Products */,
				2304399FF864E375446E6E8C /* Pods */,
				B9106A6F004616E8764B303C /* Frameworks */,
			);
			sourceTree = "<group>";
		};
		14CFEC251E3577BC00BD46CF /* Products */ = {
			isa = PBXGroup;
			children = (
				14CFEC241E3577BC00BD46CF /* AC3.2-AnimationBasics.app */,
			);
			name = Products;
			sourceTree = "<group>";
		};
		14CFEC261E3577BC00BD46CF /* AC3.2-AnimationBasics */ = {
			isa = PBXGroup;
			children = (
				14CFEC291E3577BC00BD46CF /* ViewController.swift */,
				14CFEC391E3577EF00BD46CF /* Supporting Files */,
				14CFEC3A1E367AFE00BD46CF /* Utility.swift */,
			);
			path = "AC3.2-AnimationBasics";
			sourceTree = "<group>";
		};
		14CFEC391E3577EF00BD46CF /* Supporting Files */ = {
			isa = PBXGroup;
			children = (
				14CFEC271E3577BC00BD46CF /* AppDelegate.swift */,
				14CFEC2E1E3577BC00BD46CF /* Assets.xcassets */,
				14CFEC301E3577BC00BD46CF /* LaunchScreen.storyboard */,
				14CFEC331E3577BC00BD46CF /* Info.plist */,
			);
			name = "Supporting Files";
			sourceTree = "<group>";
		};
		2304399FF864E375446E6E8C /* Pods */ = {
			isa = PBXGroup;
			children = (
				B558B66F2EF9FE69DC48D946 /* Pods-AC3.2-AnimationBasics.debug.xcconfig */,
				6447900C60C0E843BE747686 /* Pods-AC3.2-AnimationBasics.release.xcconfig */,
			);
			name = Pods;
			sourceTree = "<group>";
		};
		B9106A6F004616E8764B303C /* Frameworks */ = {
			isa = PBXGroup;
			children = (
				AFBE7EBF1E6DAA546F8B671D /* Pods_AC3_2_AnimationBasics.framework */,
			);
			name = Frameworks;
			sourceTree = "<group>";
		};
/* End PBXGroup section */

/* Begin PBXNativeTarget section */
		14CFEC231E3577BC00BD46CF /* AC3.2-AnimationBasics */ = {
			isa = PBXNativeTarget;
			buildConfigurationList = 14CFEC361E3577BC00BD46CF /* Build configuration list for PBXNativeTarget "AC3.2-AnimationBasics" */;
			buildPhases = (
				F13B21E5BEAA785E6EC594D3 /* [CP] Check Pods Manifest.lock */,
				14CFEC201E3577BC00BD46CF /* Sources */,
				14CFEC211E3577BC00BD46CF /* Frameworks */,
				14CFEC221E3577BC00BD46CF /* Resources */,
				A15129A00F28ECC7928CF7F7 /* [CP] Embed Pods Frameworks */,
				FB44532B0927B3D9DE7CF224 /* [CP] Copy Pods Resources */,
			);
			buildRules = (
			);
			dependencies = (
			);
			name = "AC3.2-AnimationBasics";
			productName = "AC3.2-AnimationBasics";
			productReference = 14CFEC241E3577BC00BD46CF /* AC3.2-AnimationBasics.app */;
			productType = "com.apple.product-type.application";
		};
/* End PBXNativeTarget section */

/* Begin PBXProject section */
		14CFEC1C1E3577BC00BD46CF /* Project object */ = {
			isa = PBXProject;
			attributes = {
				LastSwiftUpdateCheck = 0820;
				LastUpgradeCheck = 0820;
				ORGANIZATIONNAME = "Access Code";
				TargetAttributes = {
					14CFEC231E3577BC00BD46CF = {
						CreatedOnToolsVersion = 8.2.1;
						ProvisioningStyle = Automatic;
					};
				};
			};
			buildConfigurationList = 14CFEC1F1E3577BC00BD46CF /* Build configuration list for PBXProject "AC3.2-AnimationBasics" */;
			compatibilityVersion = "Xcode 3.2";
			developmentRegion = English;
			hasScannedForEncodings = 0;
			knownRegions = (
				en,
				Base,
			);
			mainGroup = 14CFEC1B1E3577BC00BD46CF;
			productRefGroup = 14CFEC251E3577BC00BD46CF /* Products */;
			projectDirPath = "";
			projectRoot = "";
			targets = (
				14CFEC231E3577BC00BD46CF /* AC3.2-AnimationBasics */,
			);
		};
/* End PBXProject section */

/* Begin PBXResourcesBuildPhase section */
		14CFEC221E3577BC00BD46CF /* Resources */ = {
			isa = PBXResourcesBuildPhase;
			buildActionMask = 2147483647;
			files = (
				14CFEC321E3577BC00BD46CF /* LaunchScreen.storyboard in Resources */,
				14CFEC2F1E3577BC00BD46CF /* Assets.xcassets in Resources */,
			);
			runOnlyForDeploymentPostprocessing = 0;
		};
/* End PBXResourcesBuildPhase section */

/* Begin PBXShellScriptBuildPhase section */
		A15129A00F28ECC7928CF7F7 /* [CP] Embed Pods Frameworks */ = {
			isa = PBXShellScriptBuildPhase;
			buildActionMask = 2147483647;
			files = (
			);
			inputPaths = (
			);
			name = "[CP] Embed Pods Frameworks";
			outputPaths = (
			);
			runOnlyForDeploymentPostprocessing = 0;
			shellPath = /bin/sh;
			shellScript = "\"${SRCROOT}/Pods/Target Support Files/Pods-AC3.2-AnimationBasics/Pods-AC3.2-AnimationBasics-frameworks.sh\"\n";
			showEnvVarsInLog = 0;
		};
		F13B21E5BEAA785E6EC594D3 /* [CP] Check Pods Manifest.lock */ = {
			isa = PBXShellScriptBuildPhase;
			buildActionMask = 2147483647;
			files = (
			);
			inputPaths = (
			);
			name = "[CP] Check Pods Manifest.lock";
			outputPaths = (
			);
			runOnlyForDeploymentPostprocessing = 0;
			shellPath = /bin/sh;
			shellScript = "diff \"${PODS_ROOT}/../Podfile.lock\" \"${PODS_ROOT}/Manifest.lock\" > /dev/null\nif [ $? != 0 ] ; then\n    # print error to STDERR\n    echo \"error: The sandbox is not in sync with the Podfile.lock. Run 'pod install' or update your CocoaPods installation.\" >&2\n    exit 1\nfi\n";
			showEnvVarsInLog = 0;
		};
		FB44532B0927B3D9DE7CF224 /* [CP] Copy Pods Resources */ = {
			isa = PBXShellScriptBuildPhase;
			buildActionMask = 2147483647;
			files = (
			);
			inputPaths = (
			);
			name = "[CP] Copy Pods Resources";
			outputPaths = (
			);
			runOnlyForDeploymentPostprocessing = 0;
			shellPath = /bin/sh;
			shellScript = "\"${SRCROOT}/Pods/Target Support Files/Pods-AC3.2-AnimationBasics/Pods-AC3.2-AnimationBasics-resources.sh\"\n";
			showEnvVarsInLog = 0;
		};
/* End PBXShellScriptBuildPhase section */

/* Begin PBXSourcesBuildPhase section */
		14CFEC201E3577BC00BD46CF /* Sources */ = {
			isa = PBXSourcesBuildPhase;
			buildActionMask = 2147483647;
			files = (
				14CFEC2A1E3577BC00BD46CF /* ViewController.swift in Sources */,
				14CFEC281E3577BC00BD46CF /* AppDelegate.swift in Sources */,
				14CFEC3B1E367AFE00BD46CF /* Utility.swift in Sources */,
			);
			runOnlyForDeploymentPostprocessing = 0;
		};
/* End PBXSourcesBuildPhase section */

/* Begin PBXVariantGroup section */
		14CFEC301E3577BC00BD46CF /* LaunchScreen.storyboard */ = {
			isa = PBXVariantGroup;
			children = (
				14CFEC311E3577BC00BD46CF /* Base */,
			);
			name = LaunchScreen.storyboard;
			sourceTree = "<group>";
		};
/* End PBXVariantGroup section */

/* Begin XCBuildConfiguration section */
		14CFEC341E3577BC00BD46CF /* Debug */ = {
			isa = XCBuildConfiguration;
			buildSettings = {
				ALWAYS_SEARCH_USER_PATHS = NO;
				CLANG_ANALYZER_NONNULL = YES;
				CLANG_CXX_LANGUAGE_STANDARD = "gnu++0x";
				CLANG_CXX_LIBRARY = "libc++";
				CLANG_ENABLE_MODULES = YES;
				CLANG_ENABLE_OBJC_ARC = YES;
				CLANG_WARN_BOOL_CONVERSION = YES;
				CLANG_WARN_CONSTANT_CONVERSION = YES;
				CLANG_WARN_DIRECT_OBJC_ISA_USAGE = YES_ERROR;
				CLANG_WARN_DOCUMENTATION_COMMENTS = YES;
				CLANG_WARN_EMPTY_BODY = YES;
				CLANG_WARN_ENUM_CONVERSION = YES;
				CLANG_WARN_INFINITE_RECURSION = YES;
				CLANG_WARN_INT_CONVERSION = YES;
				CLANG_WARN_OBJC_ROOT_CLASS = YES_ERROR;
				CLANG_WARN_SUSPICIOUS_MOVE = YES;
				CLANG_WARN_UNREACHABLE_CODE = YES;
				CLANG_WARN__DUPLICATE_METHOD_MATCH = YES;
				"CODE_SIGN_IDENTITY[sdk=iphoneos*]" = "iPhone Developer";
				COPY_PHASE_STRIP = NO;
				DEBUG_INFORMATION_FORMAT = dwarf;
				ENABLE_STRICT_OBJC_MSGSEND = YES;
				ENABLE_TESTABILITY = YES;
				GCC_C_LANGUAGE_STANDARD = gnu99;
				GCC_DYNAMIC_NO_PIC = NO;
				GCC_NO_COMMON_BLOCKS = YES;
				GCC_OPTIMIZATION_LEVEL = 0;
				GCC_PREPROCESSOR_DEFINITIONS = (
					"DEBUG=1",
					"$(inherited)",
				);
				GCC_WARN_64_TO_32_BIT_CONVERSION = YES;
				GCC_WARN_ABOUT_RETURN_TYPE = YES_ERROR;
				GCC_WARN_UNDECLARED_SELECTOR = YES;
				GCC_WARN_UNINITIALIZED_AUTOS = YES_AGGRESSIVE;
				GCC_WARN_UNUSED_FUNCTION = YES;
				GCC_WARN_UNUSED_VARIABLE = YES;
				IPHONEOS_DEPLOYMENT_TARGET = 10.2;
				MTL_ENABLE_DEBUG_INFO = YES;
				ONLY_ACTIVE_ARCH = YES;
				SDKROOT = iphoneos;
				SWIFT_ACTIVE_COMPILATION_CONDITIONS = DEBUG;
				SWIFT_OPTIMIZATION_LEVEL = "-Onone";
			};
			name = Debug;
		};
		14CFEC351E3577BC00BD46CF /* Release */ = {
			isa = XCBuildConfiguration;
			buildSettings = {
				ALWAYS_SEARCH_USER_PATHS = NO;
				CLANG_ANALYZER_NONNULL = YES;
				CLANG_CXX_LANGUAGE_STANDARD = "gnu++0x";
				CLANG_CXX_LIBRARY = "libc++";
				CLANG_ENABLE_MODULES = YES;
				CLANG_ENABLE_OBJC_ARC = YES;
				CLANG_WARN_BOOL_CONVERSION = YES;
				CLANG_WARN_CONSTANT_CONVERSION = YES;
				CLANG_WARN_DIRECT_OBJC_ISA_USAGE = YES_ERROR;
				CLANG_WARN_DOCUMENTATION_COMMENTS = YES;
				CLANG_WARN_EMPTY_BODY = YES;
				CLANG_WARN_ENUM_CONVERSION = YES;
				CLANG_WARN_INFINITE_RECURSION = YES;
				CLANG_WARN_INT_CONVERSION = YES;
				CLANG_WARN_OBJC_ROOT_CLASS = YES_ERROR;
				CLANG_WARN_SUSPICIOUS_MOVE = YES;
				CLANG_WARN_UNREACHABLE_CODE = YES;
				CLANG_WARN__DUPLICATE_METHOD_MATCH = YES;
				"CODE_SIGN_IDENTITY[sdk=iphoneos*]" = "iPhone Developer";
				COPY_PHASE_STRIP = NO;
				DEBUG_INFORMATION_FORMAT = "dwarf-with-dsym";
				ENABLE_NS_ASSERTIONS = NO;
				ENABLE_STRICT_OBJC_MSGSEND = YES;
				GCC_C_LANGUAGE_STANDARD = gnu99;
				GCC_NO_COMMON_BLOCKS = YES;
				GCC_WARN_64_TO_32_BIT_CONVERSION = YES;
				GCC_WARN_ABOUT_RETURN_TYPE = YES_ERROR;
				GCC_WARN_UNDECLARED_SELECTOR = YES;
				GCC_WARN_UNINITIALIZED_AUTOS = YES_AGGRESSIVE;
				GCC_WARN_UNUSED_FUNCTION = YES;
				GCC_WARN_UNUSED_VARIABLE = YES;
				IPHONEOS_DEPLOYMENT_TARGET = 10.2;
				MTL_ENABLE_DEBUG_INFO = NO;
				SDKROOT = iphoneos;
				SWIFT_OPTIMIZATION_LEVEL = "-Owholemodule";
				VALIDATE_PRODUCT = YES;
			};
			name = Release;
		};
		14CFEC371E3577BC00BD46CF /* Debug */ = {
			isa = XCBuildConfiguration;
			baseConfigurationReference = B558B66F2EF9FE69DC48D946 /* Pods-AC3.2-AnimationBasics.debug.xcconfig */;
			buildSettings = {
				ASSETCATALOG_COMPILER_APPICON_NAME = AppIcon;
				INFOPLIST_FILE = "AC3.2-AnimationBasics/Info.plist";
				IPHONEOS_DEPLOYMENT_TARGET = 10.0;
				LD_RUNPATH_SEARCH_PATHS = "$(inherited) @executable_path/Frameworks";
				PRODUCT_BUNDLE_IDENTIFIER = "nyc.accesscode.AC3-2-AnimationBasics";
				PRODUCT_NAME = "$(TARGET_NAME)";
				SWIFT_VERSION = 3.0;
			};
			name = Debug;
		};
		14CFEC381E3577BC00BD46CF /* Release */ = {
			isa = XCBuildConfiguration;
			baseConfigurationReference = 6447900C60C0E843BE747686 /* Pods-AC3.2-AnimationBasics.release.xcconfig */;
			buildSettings = {
				ASSETCATALOG_COMPILER_APPICON_NAME = AppIcon;
				INFOPLIST_FILE = "AC3.2-AnimationBasics/Info.plist";
				IPHONEOS_DEPLOYMENT_TARGET = 10.0;
				LD_RUNPATH_SEARCH_PATHS = "$(inherited) @executable_path/Frameworks";
				PRODUCT_BUNDLE_IDENTIFIER = "nyc.accesscode.AC3-2-AnimationBasics";
				PRODUCT_NAME = "$(TARGET_NAME)";
				SWIFT_VERSION = 3.0;
			};
			name = Release;
		};
/* End XCBuildConfiguration section */

/* Begin XCConfigurationList section */
		14CFEC1F1E3577BC00BD46CF /* Build configuration list for PBXProject "AC3.2-AnimationBasics" */ = {
			isa = XCConfigurationList;
			buildConfigurations = (
				14CFEC341E3577BC00BD46CF /* Debug */,
				14CFEC351E3577BC00BD46CF /* Release */,
			);
			defaultConfigurationIsVisible = 0;
			defaultConfigurationName = Release;
		};
		14CFEC361E3577BC00BD46CF /* Build configuration list for PBXNativeTarget "AC3.2-AnimationBasics" */ = {
			isa = XCConfigurationList;
			buildConfigurations = (
				14CFEC371E3577BC00BD46CF /* Debug */,
				14CFEC381E3577BC00BD46CF /* Release */,
			);
			defaultConfigurationIsVisible = 0;
			defaultConfigurationName = Release;
		};
/* End XCConfigurationList section */
	};
	rootObject = 14CFEC1C1E3577BC00BD46CF /* Project object */;
}
